{
  "originHash" : "",
  "pins" : [
    {
      "identity" : "swift-composable-architecture",
      "kind" : "remoteSourceControl",
      "location" : "https://github.com/pointfreeco/swift-composable-architecture",
      "state" : {
        "branch" : "main",
        "revision" : "HEAD"
      }
    },
    {
      "identity" : "swiftterm",
      "kind" : "remoteSourceControl",
      "location" : "https://github.com/migueldeicaza/SwiftTerm",
      "state" : {
        "branch" : "main",
        "revision" : "HEAD"
      }
    }
  ],
  "version" : 3
}
